
Microsoft Visual Studio Solution File, Format Version 12.00
# Visual Studio Version 16
VisualStudioVersion = 16.0.31911.196
MinimumVisualStudioVersion = 10.0.40219.1
Project("{FAE04EC0-301F-11D3-BF4B-00C04F79EFBC}") = "CORE_CRUD", "CORE_CRUD\CORE_CRUD.csproj", "{AF55B6E1-C307-40A2-BF78-6078CFF7DE69}"
EndProject
Global
	GlobalSection(SolutionConfigurationPlatforms) = preSolution
		Debug|Any CPU = Debug|Any CPU
		Release|Any CPU = Release|Any CPU
	EndGlobalSection
	GlobalSection(ProjectConfigurationPlatforms) = postSolution
		{AF55B6E1-C307-40A2-BF78-6078CFF7DE69}.Debug|Any CPU.ActiveCfg = Debug|Any CPU
		{AF55B6E1-C307-40A2-BF78-6078CFF7DE69}.Debug|Any CPU.Build.0 = Debug|Any CPU
		{AF55B6E1-C307-40A2-BF78-6078CFF7DE69}.Release|Any CPU.ActiveCfg = Release|Any CPU
		{AF55B6E1-C307-40A2-BF78-6078CFF7DE69}.Release|Any CPU.Build.0 = Release|Any CPU
	EndGlobalSection
	GlobalSection(SolutionProperties) = preSolution
		HideSolutionNode = FALSE
	EndGlobalSection
	GlobalSection(ExtensibilityGlobals) = postSolution
		SolutionGuid = {68778C77-9F91-448E-AFDC-E10FC0DAF48E}
	EndGlobalSection
EndGlobal
